
Microsoft Visual Studio Solution File, Format Version 12.00
# Visual Studio Version 17
VisualStudioVersion = 17.12.35521.163
MinimumVisualStudioVersion = 10.0.40219.1
Project("{FAE04EC0-301F-11D3-BF4B-00C04F79EFBC}") = "Day1-1", "Day1-1\Day1-1.csproj", "{FC385CA0-3872-4970-A707-856F20B2F838}"
EndProject
Project("{FAE04EC0-301F-11D3-BF4B-00C04F79EFBC}") = "Day1-2", "Day1-2\Day1-2.csproj", "{D56664FA-C780-4B26-ABC6-D480D44A69B0}"
EndProject
Project("{FAE04EC0-301F-11D3-BF4B-00C04F79EFBC}") = "Day2-1", "Day2-1\Day2-1.csproj", "{32FCC5CD-9DC4-481A-80C6-69B27F77B8AE}"
EndProject
Project("{FAE04EC0-301F-11D3-BF4B-00C04F79EFBC}") = "Day2-2", "Day2-2\Day2-2.csproj", "{26133967-A9A0-4DC5-A4FC-639FEDD28C56}"
EndProject
Project("{FAE04EC0-301F-11D3-BF4B-00C04F79EFBC}") = "Day3-1", "Day3-1\Day3-1.csproj", "{70978398-A552-495A-B5C3-6CAE550801FD}"
EndProject
Project("{FAE04EC0-301F-11D3-BF4B-00C04F79EFBC}") = "Day3-2", "Day3-2\Day3-2.csproj", "{BE89981F-E192-4D7B-BE57-5C715A62435D}"
EndProject
Project("{2150E333-8FDC-42A3-9474-1A3956D46DE8}") = "Solution Items", "Solution Items", "{FA923BAF-593B-4B3A-9A84-BE650E7224F2}"
	ProjectSection(SolutionItems) = preProject
		Day1.txt = Day1.txt
		Day2.txt = Day2.txt
		Day3.txt = Day3.txt
		Day4.txt = Day4.txt
		Day5.txt = Day5.txt
	EndProjectSection
EndProject
Project("{FAE04EC0-301F-11D3-BF4B-00C04F79EFBC}") = "Day4-1", "Day4-1\Day4-1.csproj", "{8463CED8-2710-435A-AD1C-8A133F059B10}"
EndProject
Project("{FAE04EC0-301F-11D3-BF4B-00C04F79EFBC}") = "Day4-2", "Day4-2\Day4-2.csproj", "{00531BFA-7E2D-44C2-BAF5-C74A645BE419}"
EndProject
Project("{FAE04EC0-301F-11D3-BF4B-00C04F79EFBC}") = "Day5-1", "Day5-1\Day5-1.csproj", "{EF3148C9-F4C8-44A6-8946-A9A3D5CAE0BF}"
EndProject
Project("{FAE04EC0-301F-11D3-BF4B-00C04F79EFBC}") = "Day5-2", "Day5-2\Day5-2.csproj", "{6BB61F6D-4673-459D-8AA7-A18D4BA17008}"
EndProject
Global
	GlobalSection(SolutionConfigurationPlatforms) = preSolution
		Debug|Any CPU = Debug|Any CPU
		Release|Any CPU = Release|Any CPU
	EndGlobalSection
	GlobalSection(ProjectConfigurationPlatforms) = postSolution
		{FC385CA0-3872-4970-A707-856F20B2F838}.Debug|Any CPU.ActiveCfg = Debug|Any CPU
		{FC385CA0-3872-4970-A707-856F20B2F838}.Debug|Any CPU.Build.0 = Debug|Any CPU
		{FC385CA0-3872-4970-A707-856F20B2F838}.Release|Any CPU.ActiveCfg = Release|Any CPU
		{FC385CA0-3872-4970-A707-856F20B2F838}.Release|Any CPU.Build.0 = Release|Any CPU
		{D56664FA-C780-4B26-ABC6-D480D44A69B0}.Debug|Any CPU.ActiveCfg = Debug|Any CPU
		{D56664FA-C780-4B26-ABC6-D480D44A69B0}.Debug|Any CPU.Build.0 = Debug|Any CPU
		{D56664FA-C780-4B26-ABC6-D480D44A69B0}.Release|Any CPU.ActiveCfg = Release|Any CPU
		{D56664FA-C780-4B26-ABC6-D480D44A69B0}.Release|Any CPU.Build.0 = Release|Any CPU
		{32FCC5CD-9DC4-481A-80C6-69B27F77B8AE}.Debug|Any CPU.ActiveCfg = Debug|Any CPU
		{32FCC5CD-9DC4-481A-80C6-69B27F77B8AE}.Debug|Any CPU.Build.0 = Debug|Any CPU
		{32FCC5CD-9DC4-481A-80C6-69B27F77B8AE}.Release|Any CPU.ActiveCfg = Release|Any CPU
		{32FCC5CD-9DC4-481A-80C6-69B27F77B8AE}.Release|Any CPU.Build.0 = Release|Any CPU
		{26133967-A9A0-4DC5-A4FC-639FEDD28C56}.Debug|Any CPU.ActiveCfg = Debug|Any CPU
		{26133967-A9A0-4DC5-A4FC-639FEDD28C56}.Debug|Any CPU.Build.0 = Debug|Any CPU
		{26133967-A9A0-4DC5-A4FC-639FEDD28C56}.Release|Any CPU.ActiveCfg = Release|Any CPU
		{26133967-A9A0-4DC5-A4FC-639FEDD28C56}.Release|Any CPU.Build.0 = Release|Any CPU
		{70978398-A552-495A-B5C3-6CAE550801FD}.Debug|Any CPU.ActiveCfg = Debug|Any CPU
		{70978398-A552-495A-B5C3-6CAE550801FD}.Debug|Any CPU.Build.0 = Debug|Any CPU
		{70978398-A552-495A-B5C3-6CAE550801FD}.Release|Any CPU.ActiveCfg = Release|Any CPU
		{70978398-A552-495A-B5C3-6CAE550801FD}.Release|Any CPU.Build.0 = Release|Any CPU
		{BE89981F-E192-4D7B-BE57-5C715A62435D}.Debug|Any CPU.ActiveCfg = Debug|Any CPU
		{BE89981F-E192-4D7B-BE57-5C715A62435D}.Debug|Any CPU.Build.0 = Debug|Any CPU
		{BE89981F-E192-4D7B-BE57-5C715A62435D}.Release|Any CPU.ActiveCfg = Release|Any CPU
		{BE89981F-E192-4D7B-BE57-5C715A62435D}.Release|Any CPU.Build.0 = Release|Any CPU
		{8463CED8-2710-435A-AD1C-8A133F059B10}.Debug|Any CPU.ActiveCfg = Debug|Any CPU
		{8463CED8-2710-435A-AD1C-8A133F059B10}.Debug|Any CPU.Build.0 = Debug|Any CPU
		{8463CED8-2710-435A-AD1C-8A133F059B10}.Release|Any CPU.ActiveCfg = Release|Any CPU
		{8463CED8-2710-435A-AD1C-8A133F059B10}.Release|Any CPU.Build.0 = Release|Any CPU
		{00531BFA-7E2D-44C2-BAF5-C74A645BE419}.Debug|Any CPU.ActiveCfg = Debug|Any CPU
		{00531BFA-7E2D-44C2-BAF5-C74A645BE419}.Debug|Any CPU.Build.0 = Debug|Any CPU
		{00531BFA-7E2D-44C2-BAF5-C74A645BE419}.Release|Any CPU.ActiveCfg = Release|Any CPU
		{00531BFA-7E2D-44C2-BAF5-C74A645BE419}.Release|Any CPU.Build.0 = Release|Any CPU
		{EF3148C9-F4C8-44A6-8946-A9A3D5CAE0BF}.Debug|Any CPU.ActiveCfg = Debug|Any CPU
		{EF3148C9-F4C8-44A6-8946-A9A3D5CAE0BF}.Debug|Any CPU.Build.0 = Debug|Any CPU
		{EF3148C9-F4C8-44A6-8946-A9A3D5CAE0BF}.Release|Any CPU.ActiveCfg = Release|Any CPU
		{EF3148C9-F4C8-44A6-8946-A9A3D5CAE0BF}.Release|Any CPU.Build.0 = Release|Any CPU
		{6BB61F6D-4673-459D-8AA7-A18D4BA17008}.Debug|Any CPU.ActiveCfg = Debug|Any CPU
		{6BB61F6D-4673-459D-8AA7-A18D4BA17008}.Debug|Any CPU.Build.0 = Debug|Any CPU
		{6BB61F6D-4673-459D-8AA7-A18D4BA17008}.Release|Any CPU.ActiveCfg = Release|Any CPU
		{6BB61F6D-4673-459D-8AA7-A18D4BA17008}.Release|Any CPU.Build.0 = Release|Any CPU
	EndGlobalSection
	GlobalSection(SolutionProperties) = preSolution
		HideSolutionNode = FALSE
	EndGlobalSection
EndGlobal
